
Microsoft Visual Studio Solution File, Format Version 12.00
# Visual Studio Version 16
VisualStudioVersion = 16.0.31112.23
MinimumVisualStudioVersion = 10.0.40219.1
Project("{FAE04EC0-301F-11D3-BF4B-00C04F79EFBC}") = "YeniYilKarti", "YeniYilKarti\YeniYilKarti.csproj", "{F376E88C-046F-4E95-83B6-99B3268FDEB2}"
EndProject
Global
	GlobalSection(SolutionConfigurationPlatforms) = preSolution
		Debug|Any CPU = Debug|Any CPU
		Release|Any CPU = Release|Any CPU
	EndGlobalSection
	GlobalSection(ProjectConfigurationPlatforms) = postSolution
		{F376E88C-046F-4E95-83B6-99B3268FDEB2}.Debug|Any CPU.ActiveCfg = Debug|Any CPU
		{F376E88C-046F-4E95-83B6-99B3268FDEB2}.Debug|Any CPU.Build.0 = Debug|Any CPU
		{F376E88C-046F-4E95-83B6-99B3268FDEB2}.Release|Any CPU.ActiveCfg = Release|Any CPU
		{F376E88C-046F-4E95-83B6-99B3268FDEB2}.Release|Any CPU.Build.0 = Release|Any CPU
	EndGlobalSection
	GlobalSection(SolutionProperties) = preSolution
		HideSolutionNode = FALSE
	EndGlobalSection
	GlobalSection(ExtensibilityGlobals) = postSolution
		SolutionGuid = {2825EBAB-368E-45A7-A2A7-AF234A2B5535}
	EndGlobalSection
EndGlobal
